# This file is automatically @generated by Cargo.
# It is not intended for manual editing.
version = 4

[[package]]
name = "material_color"
version = "0.6.0"

[[package]]
name = "material_color_capi"
version = "0.6.0"
dependencies = [
 "material_color",
]

[[package]]
name = "material_color_py"
version = "0.6.0"
dependencies = [
 "material_color",
]
